// !$*UTF8*$!
{
	archiveVersion = 1;
	classes = {
	};
	objectVersion = 51;
	objects = {

/* Begin PBXBuildFile section */
		956F0C155CE78275DD73609C /* Pods_Raye7_IOS_Task.framework in Frameworks */ = {isa = PBXBuildFile; fileRef = A96B261A294B32E2C50361A5 /* Pods_Raye7_IOS_Task.framework */; };
		BF00A09724AD337A00F9C91A /* League.swift in Sources */ = {isa = PBXBuildFile; fileRef = BF00A09624AD337A00F9C91A /* League.swift */; };
		BF00A09924AD35B800F9C91A /* LeagueDetails.swift in Sources */ = {isa = PBXBuildFile; fileRef = BF00A09824AD35B800F9C91A /* LeagueDetails.swift */; };
		BF027F0B24AD22BD005ABE41 /* AppDelegate.swift in Sources */ = {isa = PBXBuildFile; fileRef = BF027F0A24AD22BD005ABE41 /* AppDelegate.swift */; };
		BF027F0D24AD22BD005ABE41 /* SceneDelegate.swift in Sources */ = {isa = PBXBuildFile; fileRef = BF027F0C24AD22BD005ABE41 /* SceneDelegate.swift */; };
		BF027F1224AD22BD005ABE41 /* Main.storyboard in Resources */ = {isa = PBXBuildFile; fileRef = BF027F1024AD22BD005ABE41 /* Main.storyboard */; };
		BF027F1424AD22BD005ABE41 /* Assets.xcassets in Resources */ = {isa = PBXBuildFile; fileRef = BF027F1324AD22BD005ABE41 /* Assets.xcassets */; };
		BF027F1724AD22BD005ABE41 /* LaunchScreen.storyboard in Resources */ = {isa = PBXBuildFile; fileRef = BF027F1524AD22BD005ABE41 /* LaunchScreen.storyboard */; };
		BF027F2224AD22BD005ABE41 /* Raye7_IOS_TaskTests.swift in Sources */ = {isa = PBXBuildFile; fileRef = BF027F2124AD22BD005ABE41 /* Raye7_IOS_TaskTests.swift */; };
		F57389891786DA90590F1553 /* Pods_Raye7_IOS_TaskTests.framework in Frameworks */ = {isa = PBXBuildFile; fileRef = 5471DD924309D72956BED08B /* Pods_Raye7_IOS_TaskTests.framework */; };
/* End PBXBuildFile section */

/* Begin PBXContainerItemProxy section */
		BF027F1E24AD22BD005ABE41 /* PBXContainerItemProxy */ = {
			isa = PBXContainerItemProxy;
			containerPortal = BF027EFF24AD22BD005ABE41 /* Project object */;
			proxyType = 1;
			remoteGlobalIDString = BF027F0624AD22BD005ABE41;
			remoteInfo = "Raye7-IOS-Task";
		};
/* End PBXContainerItemProxy section */

/* Begin PBXFileReference section */
		283540641AC6BD7D827327AD /* Pods-Raye7-IOS-Task.debug.xcconfig */ = {isa = PBXFileReference; includeInIndex = 1; lastKnownFileType = text.xcconfig; name = "Pods-Raye7-IOS-Task.debug.xcconfig"; path = "Target Support Files/Pods-Raye7-IOS-Task/Pods-Raye7-IOS-Task.debug.xcconfig"; sourceTree = "<group>"; };
		5471DD924309D72956BED08B /* Pods_Raye7_IOS_TaskTests.framework */ = {isa = PBXFileReference; explicitFileType = wrapper.framework; includeInIndex = 0; path = Pods_Raye7_IOS_TaskTests.framework; sourceTree = BUILT_PRODUCTS_DIR; };
		5C12226030D88E71005FD20E /* Pods-Raye7-IOS-TaskTests.debug.xcconfig */ = {isa = PBXFileReference; includeInIndex = 1; lastKnownFileType = text.xcconfig; name = "Pods-Raye7-IOS-TaskTests.debug.xcconfig"; path = "Target Support Files/Pods-Raye7-IOS-TaskTests/Pods-Raye7-IOS-TaskTests.debug.xcconfig"; sourceTree = "<group>"; };
		A96B261A294B32E2C50361A5 /* Pods_Raye7_IOS_Task.framework */ = {isa = PBXFileReference; explicitFileType = wrapper.framework; includeInIndex = 0; path = Pods_Raye7_IOS_Task.framework; sourceTree = BUILT_PRODUCTS_DIR; };
		BF00A09624AD337A00F9C91A /* League.swift */ = {isa = PBXFileReference; lastKnownFileType = sourcecode.swift; path = League.swift; sourceTree = "<group>"; };
		BF00A09824AD35B800F9C91A /* LeagueDetails.swift */ = {isa = PBXFileReference; lastKnownFileType = sourcecode.swift; path = LeagueDetails.swift; sourceTree = "<group>"; };
		BF027F0724AD22BD005ABE41 /* Raye7-IOS-Task.app */ = {isa = PBXFileReference; explicitFileType = wrapper.application; includeInIndex = 0; path = "Raye7-IOS-Task.app"; sourceTree = BUILT_PRODUCTS_DIR; };
		BF027F0A24AD22BD005ABE41 /* AppDelegate.swift */ = {isa = PBXFileReference; lastKnownFileType = sourcecode.swift; path = AppDelegate.swift; sourceTree = "<group>"; };
		BF027F0C24AD22BD005ABE41 /* SceneDelegate.swift */ = {isa = PBXFileReference; lastKnownFileType = sourcecode.swift; path = SceneDelegate.swift; sourceTree = "<group>"; };
		BF027F1124AD22BD005ABE41 /* Base */ = {isa = PBXFileReference; lastKnownFileType = file.storyboard; name = Base; path = Base.lproj/Main.storyboard; sourceTree = "<group>"; };
		BF027F1324AD22BD005ABE41 /* Assets.xcassets */ = {isa = PBXFileReference; lastKnownFileType = folder.assetcatalog; path = Assets.xcassets; sourceTree = "<group>"; };
		BF027F1624AD22BD005ABE41 /* Base */ = {isa = PBXFileReference; lastKnownFileType = file.storyboard; name = Base; path = Base.lproj/LaunchScreen.storyboard; sourceTree = "<group>"; };
		BF027F1824AD22BD005ABE41 /* Info.plist */ = {isa = PBXFileReference; lastKnownFileType = text.plist.xml; path = Info.plist; sourceTree = "<group>"; };
		BF027F1D24AD22BD005ABE41 /* Raye7-IOS-TaskTests.xctest */ = {isa = PBXFileReference; explicitFileType = wrapper.cfbundle; includeInIndex = 0; path = "Raye7-IOS-TaskTests.xctest"; sourceTree = BUILT_PRODUCTS_DIR; };
		BF027F2124AD22BD005ABE41 /* Raye7_IOS_TaskTests.swift */ = {isa = PBXFileReference; lastKnownFileType = sourcecode.swift; path = Raye7_IOS_TaskTests.swift; sourceTree = "<group>"; };
		BF027F2324AD22BD005ABE41 /* Info.plist */ = {isa = PBXFileReference; lastKnownFileType = text.plist.xml; path = Info.plist; sourceTree = "<group>"; };
		C7BA7FCB2C8F40ACA323817C /* Pods-Raye7-IOS-TaskTests.release.xcconfig */ = {isa = PBXFileReference; includeInIndex = 1; lastKnownFileType = text.xcconfig; name = "Pods-Raye7-IOS-TaskTests.release.xcconfig"; path = "Target Support Files/Pods-Raye7-IOS-TaskTests/Pods-Raye7-IOS-TaskTests.release.xcconfig"; sourceTree = "<group>"; };
		E520FA631831E4FC748A1E04 /* Pods-Raye7-IOS-Task.release.xcconfig */ = {isa = PBXFileReference; includeInIndex = 1; lastKnownFileType = text.xcconfig; name = "Pods-Raye7-IOS-Task.release.xcconfig"; path = "Target Support Files/Pods-Raye7-IOS-Task/Pods-Raye7-IOS-Task.release.xcconfig"; sourceTree = "<group>"; };
/* End PBXFileReference section */

/* Begin PBXFrameworksBuildPhase section */
		BF027F0424AD22BD005ABE41 /* Frameworks */ = {
			isa = PBXFrameworksBuildPhase;
			buildActionMask = 2147483647;
			files = (
				956F0C155CE78275DD73609C /* Pods_Raye7_IOS_Task.framework in Frameworks */,
			);
			runOnlyForDeploymentPostprocessing = 0;
		};
		BF027F1A24AD22BD005ABE41 /* Frameworks */ = {
			isa = PBXFrameworksBuildPhase;
			buildActionMask = 2147483647;
			files = (
				F57389891786DA90590F1553 /* Pods_Raye7_IOS_TaskTests.framework in Frameworks */,
			);
			runOnlyForDeploymentPostprocessing = 0;
		};
/* End PBXFrameworksBuildPhase section */

/* Begin PBXGroup section */
		0406EC0CEB1F4DD6D04C129F /* Frameworks */ = {
			isa = PBXGroup;
			children = (
				A96B261A294B32E2C50361A5 /* Pods_Raye7_IOS_Task.framework */,
				5471DD924309D72956BED08B /* Pods_Raye7_IOS_TaskTests.framework */,
			);
			name = Frameworks;
			sourceTree = "<group>";
		};
		BF00A09124AD2A4500F9C91A /* Resources */ = {
			isa = PBXGroup;
			children = (
				BF027F1524AD22BD005ABE41 /* LaunchScreen.storyboard */,
				BF027F1324AD22BD005ABE41 /* Assets.xcassets */,
				BF027F1024AD22BD005ABE41 /* Main.storyboard */,
				BF027F1824AD22BD005ABE41 /* Info.plist */,
			);
			path = Resources;
			sourceTree = "<group>";
		};
		BF00A09224AD2AC300F9C91A /* Models */ = {
			isa = PBXGroup;
			children = (
				BF00A09624AD337A00F9C91A /* League.swift */,
				BF00A09824AD35B800F9C91A /* LeagueDetails.swift */,
			);
			path = Models;
			sourceTree = "<group>";
		};
		BF00A09324AD2B4D00F9C91A /* Views */ = {
			isa = PBXGroup;
			children = (
			);
			path = Views;
			sourceTree = "<group>";
		};
		BF00A09424AD2B5900F9C91A /* Controllers */ = {
			isa = PBXGroup;
			children = (
			);
			path = Controllers;
			sourceTree = "<group>";
		};
		BF00A09524AD2B8600F9C91A /* Network */ = {
			isa = PBXGroup;
			children = (
			);
			path = Network;
			sourceTree = "<group>";
		};
		BF027EFE24AD22BD005ABE41 = {
			isa = PBXGroup;
			children = (
				BF027F0924AD22BD005ABE41 /* Raye7-IOS-Task */,
				BF027F2024AD22BD005ABE41 /* Raye7-IOS-TaskTests */,
				BF027F0824AD22BD005ABE41 /* Products */,
				D4951461A0C5059A00DBD078 /* Pods */,
				0406EC0CEB1F4DD6D04C129F /* Frameworks */,
			);
			sourceTree = "<group>";
		};
		BF027F0824AD22BD005ABE41 /* Products */ = {
			isa = PBXGroup;
			children = (
				BF027F0724AD22BD005ABE41 /* Raye7-IOS-Task.app */,
				BF027F1D24AD22BD005ABE41 /* Raye7-IOS-TaskTests.xctest */,
			);
			name = Products;
			sourceTree = "<group>";
		};
		BF027F0924AD22BD005ABE41 /* Raye7-IOS-Task */ = {
			isa = PBXGroup;
			children = (
				BF00A09524AD2B8600F9C91A /* Network */,
				BF00A09424AD2B5900F9C91A /* Controllers */,
				BF00A09324AD2B4D00F9C91A /* Views */,
				BF00A09224AD2AC300F9C91A /* Models */,
				BF00A09124AD2A4500F9C91A /* Resources */,
				BF027F0A24AD22BD005ABE41 /* AppDelegate.swift */,
				BF027F0C24AD22BD005ABE41 /* SceneDelegate.swift */,
			);
			path = "Raye7-IOS-Task";
			sourceTree = "<group>";
		};
		BF027F2024AD22BD005ABE41 /* Raye7-IOS-TaskTests */ = {
			isa = PBXGroup;
			children = (
				BF027F2124AD22BD005ABE41 /* Raye7_IOS_TaskTests.swift */,
				BF027F2324AD22BD005ABE41 /* Info.plist */,
			);
			path = "Raye7-IOS-TaskTests";
			sourceTree = "<group>";
		};
		D4951461A0C5059A00DBD078 /* Pods */ = {
			isa = PBXGroup;
			children = (
				283540641AC6BD7D827327AD /* Pods-Raye7-IOS-Task.debug.xcconfig */,
				E520FA631831E4FC748A1E04 /* Pods-Raye7-IOS-Task.release.xcconfig */,
				5C12226030D88E71005FD20E /* Pods-Raye7-IOS-TaskTests.debug.xcconfig */,
				C7BA7FCB2C8F40ACA323817C /* Pods-Raye7-IOS-TaskTests.release.xcconfig */,
			);
			path = Pods;
			sourceTree = "<group>";
		};
/* End PBXGroup section */

/* Begin PBXNativeTarget section */
		BF027F0624AD22BD005ABE41 /* Raye7-IOS-Task */ = {
			isa = PBXNativeTarget;
			buildConfigurationList = BF027F2624AD22BD005ABE41 /* Build configuration list for PBXNativeTarget "Raye7-IOS-Task" */;
			buildPhases = (
				9F100CDF5DE1E828168EEF90 /* [CP] Check Pods Manifest.lock */,
				BF027F0324AD22BD005ABE41 /* Sources */,
				BF027F0424AD22BD005ABE41 /* Frameworks */,
				BF027F0524AD22BD005ABE41 /* Resources */,
				797FB0772CBBD8771BBE51BF /* [CP] Embed Pods Frameworks */,
			);
			buildRules = (
			);
			dependencies = (
			);
			name = "Raye7-IOS-Task";
			productName = "Raye7-IOS-Task";
			productReference = BF027F0724AD22BD005ABE41 /* Raye7-IOS-Task.app */;
			productType = "com.apple.product-type.application";
		};
		BF027F1C24AD22BD005ABE41 /* Raye7-IOS-TaskTests */ = {
			isa = PBXNativeTarget;
			buildConfigurationList = BF027F2924AD22BD005ABE41 /* Build configuration list for PBXNativeTarget "Raye7-IOS-TaskTests" */;
			buildPhases = (
				5443DFAA5B39E629B3069969 /* [CP] Check Pods Manifest.lock */,
				BF027F1924AD22BD005ABE41 /* Sources */,
				BF027F1A24AD22BD005ABE41 /* Frameworks */,
				BF027F1B24AD22BD005ABE41 /* Resources */,
			);
			buildRules = (
			);
			dependencies = (
				BF027F1F24AD22BD005ABE41 /* PBXTargetDependency */,
			);
			name = "Raye7-IOS-TaskTests";
			productName = "Raye7-IOS-TaskTests";
			productReference = BF027F1D24AD22BD005ABE41 /* Raye7-IOS-TaskTests.xctest */;
			productType = "com.apple.product-type.bundle.unit-test";
		};
/* End PBXNativeTarget section */

/* Begin PBXProject section */
		BF027EFF24AD22BD005ABE41 /* Project object */ = {
			isa = PBXProject;
			attributes = {
				LastSwiftUpdateCheck = 1150;
				LastUpgradeCheck = 1150;
				ORGANIZATIONNAME = "Hossam Elbahrawy";
				TargetAttributes = {
					BF027F0624AD22BD005ABE41 = {
						CreatedOnToolsVersion = 11.5;
					};
					BF027F1C24AD22BD005ABE41 = {
						CreatedOnToolsVersion = 11.5;
						TestTargetID = BF027F0624AD22BD005ABE41;
					};
				};
			};
			buildConfigurationList = BF027F0224AD22BD005ABE41 /* Build configuration list for PBXProject "Raye7-IOS-Task" */;
			compatibilityVersion = "Xcode 9.3";
			developmentRegion = en;
			hasScannedForEncodings = 0;
			knownRegions = (
				en,
				Base,
			);
			mainGroup = BF027EFE24AD22BD005ABE41;
			productRefGroup = BF027F0824AD22BD005ABE41 /* Products */;
			projectDirPath = "";
			projectRoot = "";
			targets = (
				BF027F0624AD22BD005ABE41 /* Raye7-IOS-Task */,
				BF027F1C24AD22BD005ABE41 /* Raye7-IOS-TaskTests */,
			);
		};
/* End PBXProject section */

/* Begin PBXResourcesBuildPhase section */
		BF027F0524AD22BD005ABE41 /* Resources */ = {
			isa = PBXResourcesBuildPhase;
			buildActionMask = 2147483647;
			files = (
				BF027F1724AD22BD005ABE41 /* LaunchScreen.storyboard in Resources */,
				BF027F1424AD22BD005ABE41 /* Assets.xcassets in Resources */,
				BF027F1224AD22BD005ABE41 /* Main.storyboard in Resources */,
			);
			runOnlyForDeploymentPostprocessing = 0;
		};
		BF027F1B24AD22BD005ABE41 /* Resources */ = {
			isa = PBXResourcesBuildPhase;
			buildActionMask = 2147483647;
			files = (
			);
			runOnlyForDeploymentPostprocessing = 0;
		};
/* End PBXResourcesBuildPhase section */

/* Begin PBXShellScriptBuildPhase section */
		5443DFAA5B39E629B3069969 /* [CP] Check Pods Manifest.lock */ = {
			isa = PBXShellScriptBuildPhase;
			buildActionMask = 2147483647;
			files = (
			);
			inputFileListPaths = (
			);
			inputPaths = (
				"${PODS_PODFILE_DIR_PATH}/Podfile.lock",
				"${PODS_ROOT}/Manifest.lock",
			);
			name = "[CP] Check Pods Manifest.lock";
			outputFileListPaths = (
			);
			outputPaths = (
				"$(DERIVED_FILE_DIR)/Pods-Raye7-IOS-TaskTests-checkManifestLockResult.txt",
			);
			runOnlyForDeploymentPostprocessing = 0;
			shellPath = /bin/sh;
			shellScript = "diff \"${PODS_PODFILE_DIR_PATH}/Podfile.lock\" \"${PODS_ROOT}/Manifest.lock\" > /dev/null\nif [ $? != 0 ] ; then\n    # print error to STDERR\n    echo \"error: The sandbox is not in sync with the Podfile.lock. Run 'pod install' or update your CocoaPods installation.\" >&2\n    exit 1\nfi\n# This output is used by Xcode 'outputs' to avoid re-running this script phase.\necho \"SUCCESS\" > \"${SCRIPT_OUTPUT_FILE_0}\"\n";
			showEnvVarsInLog = 0;
		};
		797FB0772CBBD8771BBE51BF /* [CP] Embed Pods Frameworks */ = {
			isa = PBXShellScriptBuildPhase;
			buildActionMask = 2147483647;
			files = (
			);
			inputFileListPaths = (
				"${PODS_ROOT}/Target Support Files/Pods-Raye7-IOS-Task/Pods-Raye7-IOS-Task-frameworks-${CONFIGURATION}-input-files.xcfilelist",
			);
			name = "[CP] Embed Pods Frameworks";
			outputFileListPaths = (
				"${PODS_ROOT}/Target Support Files/Pods-Raye7-IOS-Task/Pods-Raye7-IOS-Task-frameworks-${CONFIGURATION}-output-files.xcfilelist",
			);
			runOnlyForDeploymentPostprocessing = 0;
			shellPath = /bin/sh;
			shellScript = "\"${PODS_ROOT}/Target Support Files/Pods-Raye7-IOS-Task/Pods-Raye7-IOS-Task-frameworks.sh\"\n";
			showEnvVarsInLog = 0;
		};
		9F100CDF5DE1E828168EEF90 /* [CP] Check Pods Manifest.lock */ = {
			isa = PBXShellScriptBuildPhase;
			buildActionMask = 2147483647;
			files = (
			);
			inputFileListPaths = (
			);
			inputPaths = (
				"${PODS_PODFILE_DIR_PATH}/Podfile.lock",
				"${PODS_ROOT}/Manifest.lock",
			);
			name = "[CP] Check Pods Manifest.lock";
			outputFileListPaths = (
			);
			outputPaths = (
				"$(DERIVED_FILE_DIR)/Pods-Raye7-IOS-Task-checkManifestLockResult.txt",
			);
			runOnlyForDeploymentPostprocessing = 0;
			shellPath = /bin/sh;
			shellScript = "diff \"${PODS_PODFILE_DIR_PATH}/Podfile.lock\" \"${PODS_ROOT}/Manifest.lock\" > /dev/null\nif [ $? != 0 ] ; then\n    # print error to STDERR\n    echo \"error: The sandbox is not in sync with the Podfile.lock. Run 'pod install' or update your CocoaPods installation.\" >&2\n    exit 1\nfi\n# This output is used by Xcode 'outputs' to avoid re-running this script phase.\necho \"SUCCESS\" > \"${SCRIPT_OUTPUT_FILE_0}\"\n";
			showEnvVarsInLog = 0;
		};
/* End PBXShellScriptBuildPhase section */

/* Begin PBXSourcesBuildPhase section */
		BF027F0324AD22BD005ABE41 /* Sources */ = {
			isa = PBXSourcesBuildPhase;
			buildActionMask = 2147483647;
			files = (
				BF027F0B24AD22BD005ABE41 /* AppDelegate.swift in Sources */,
				BF00A09724AD337A00F9C91A /* League.swift in Sources */,
				BF027F0D24AD22BD005ABE41 /* SceneDelegate.swift in Sources */,
				BF00A09924AD35B800F9C91A /* LeagueDetails.swift in Sources */,
			);
			runOnlyForDeploymentPostprocessing = 0;
		};
		BF027F1924AD22BD005ABE41 /* Sources */ = {
			isa = PBXSourcesBuildPhase;
			buildActionMask = 2147483647;
			files = (
				BF027F2224AD22BD005ABE41 /* Raye7_IOS_TaskTests.swift in Sources */,
			);
			runOnlyForDeploymentPostprocessing = 0;
		};
/* End PBXSourcesBuildPhase section */

/* Begin PBXTargetDependency section */
		BF027F1F24AD22BD005ABE41 /* PBXTargetDependency */ = {
			isa = PBXTargetDependency;
			target = BF027F0624AD22BD005ABE41 /* Raye7-IOS-Task */;
			targetProxy = BF027F1E24AD22BD005ABE41 /* PBXContainerItemProxy */;
		};
/* End PBXTargetDependency section */

/* Begin PBXVariantGroup section */
		BF027F1024AD22BD005ABE41 /* Main.storyboard */ = {
			isa = PBXVariantGroup;
			children = (
				BF027F1124AD22BD005ABE41 /* Base */,
			);
			name = Main.storyboard;
			sourceTree = "<group>";
		};
		BF027F1524AD22BD005ABE41 /* LaunchScreen.storyboard */ = {
			isa = PBXVariantGroup;
			children = (
				BF027F1624AD22BD005ABE41 /* Base */,
			);
			name = LaunchScreen.storyboard;
			sourceTree = "<group>";
		};
/* End PBXVariantGroup section */

/* Begin XCBuildConfiguration section */
		BF027F2424AD22BD005ABE41 /* Debug */ = {
			isa = XCBuildConfiguration;
			buildSettings = {
				ALWAYS_SEARCH_USER_PATHS = NO;
				CLANG_ANALYZER_NONNULL = YES;
				CLANG_ANALYZER_NUMBER_OBJECT_CONVERSION = YES_AGGRESSIVE;
				CLANG_CXX_LANGUAGE_STANDARD = "gnu++14";
				CLANG_CXX_LIBRARY = "libc++";
				CLANG_ENABLE_MODULES = YES;
				CLANG_ENABLE_OBJC_ARC = YES;
				CLANG_ENABLE_OBJC_WEAK = YES;
				CLANG_WARN_BLOCK_CAPTURE_AUTORELEASING = YES;
				CLANG_WARN_BOOL_CONVERSION = YES;
				CLANG_WARN_COMMA = YES;
				CLANG_WARN_CONSTANT_CONVERSION = YES;
				CLANG_WARN_DEPRECATED_OBJC_IMPLEMENTATIONS = YES;
				CLANG_WARN_DIRECT_OBJC_ISA_USAGE = YES_ERROR;
				CLANG_WARN_DOCUMENTATION_COMMENTS = YES;
				CLANG_WARN_EMPTY_BODY = YES;
				CLANG_WARN_ENUM_CONVERSION = YES;
				CLANG_WARN_INFINITE_RECURSION = YES;
				CLANG_WARN_INT_CONVERSION = YES;
				CLANG_WARN_NON_LITERAL_NULL_CONVERSION = YES;
				CLANG_WARN_OBJC_IMPLICIT_RETAIN_SELF = YES;
				CLANG_WARN_OBJC_LITERAL_CONVERSION = YES;
				CLANG_WARN_OBJC_ROOT_CLASS = YES_ERROR;
				CLANG_WARN_RANGE_LOOP_ANALYSIS = YES;
				CLANG_WARN_STRICT_PROTOTYPES = YES;
				CLANG_WARN_SUSPICIOUS_MOVE = YES;
				CLANG_WARN_UNGUARDED_AVAILABILITY = YES_AGGRESSIVE;
				CLANG_WARN_UNREACHABLE_CODE = YES;
				CLANG_WARN__DUPLICATE_METHOD_MATCH = YES;
				COPY_PHASE_STRIP = NO;
				DEBUG_INFORMATION_FORMAT = dwarf;
				ENABLE_STRICT_OBJC_MSGSEND = YES;
				ENABLE_TESTABILITY = YES;
				GCC_C_LANGUAGE_STANDARD = gnu11;
				GCC_DYNAMIC_NO_PIC = NO;
				GCC_NO_COMMON_BLOCKS = YES;
				GCC_OPTIMIZATION_LEVEL = 0;
				GCC_PREPROCESSOR_DEFINITIONS = (
					"DEBUG=1",
					"$(inherited)",
				);
				GCC_WARN_64_TO_32_BIT_CONVERSION = YES;
				GCC_WARN_ABOUT_RETURN_TYPE = YES_ERROR;
				GCC_WARN_UNDECLARED_SELECTOR = YES;
				GCC_WARN_UNINITIALIZED_AUTOS = YES_AGGRESSIVE;
				GCC_WARN_UNUSED_FUNCTION = YES;
				GCC_WARN_UNUSED_VARIABLE = YES;
				IPHONEOS_DEPLOYMENT_TARGET = 13.5;
				MTL_ENABLE_DEBUG_INFO = INCLUDE_SOURCE;
				MTL_FAST_MATH = YES;
				ONLY_ACTIVE_ARCH = YES;
				SDKROOT = iphoneos;
				SWIFT_ACTIVE_COMPILATION_CONDITIONS = DEBUG;
				SWIFT_OPTIMIZATION_LEVEL = "-Onone";
			};
			name = Debug;
		};
		BF027F2524AD22BD005ABE41 /* Release */ = {
			isa = XCBuildConfiguration;
			buildSettings = {
				ALWAYS_SEARCH_USER_PATHS = NO;
				CLANG_ANALYZER_NONNULL = YES;
				CLANG_ANALYZER_NUMBER_OBJECT_CONVERSION = YES_AGGRESSIVE;
				CLANG_CXX_LANGUAGE_STANDARD = "gnu++14";
				CLANG_CXX_LIBRARY = "libc++";
				CLANG_ENABLE_MODULES = YES;
				CLANG_ENABLE_OBJC_ARC = YES;
				CLANG_ENABLE_OBJC_WEAK = YES;
				CLANG_WARN_BLOCK_CAPTURE_AUTORELEASING = YES;
				CLANG_WARN_BOOL_CONVERSION = YES;
				CLANG_WARN_COMMA = YES;
				CLANG_WARN_CONSTANT_CONVERSION = YES;
				CLANG_WARN_DEPRECATED_OBJC_IMPLEMENTATIONS = YES;
				CLANG_WARN_DIRECT_OBJC_ISA_USAGE = YES_ERROR;
				CLANG_WARN_DOCUMENTATION_COMMENTS = YES;
				CLANG_WARN_EMPTY_BODY = YES;
				CLANG_WARN_ENUM_CONVERSION = YES;
				CLANG_WARN_INFINITE_RECURSION = YES;
				CLANG_WARN_INT_CONVERSION = YES;
				CLANG_WARN_NON_LITERAL_NULL_CONVERSION = YES;
				CLANG_WARN_OBJC_IMPLICIT_RETAIN_SELF = YES;
				CLANG_WARN_OBJC_LITERAL_CONVERSION = YES;
				CLANG_WARN_OBJC_ROOT_CLASS = YES_ERROR;
				CLANG_WARN_RANGE_LOOP_ANALYSIS = YES;
				CLANG_WARN_STRICT_PROTOTYPES = YES;
				CLANG_WARN_SUSPICIOUS_MOVE = YES;
				CLANG_WARN_UNGUARDED_AVAILABILITY = YES_AGGRESSIVE;
				CLANG_WARN_UNREACHABLE_CODE = YES;
				CLANG_WARN__DUPLICATE_METHOD_MATCH = YES;
				COPY_PHASE_STRIP = NO;
				DEBUG_INFORMATION_FORMAT = "dwarf-with-dsym";
				ENABLE_NS_ASSERTIONS = NO;
				ENABLE_STRICT_OBJC_MSGSEND = YES;
				GCC_C_LANGUAGE_STANDARD = gnu11;
				GCC_NO_COMMON_BLOCKS = YES;
				GCC_WARN_64_TO_32_BIT_CONVERSION = YES;
				GCC_WARN_ABOUT_RETURN_TYPE = YES_ERROR;
				GCC_WARN_UNDECLARED_SELECTOR = YES;
				GCC_WARN_UNINITIALIZED_AUTOS = YES_AGGRESSIVE;
				GCC_WARN_UNUSED_FUNCTION = YES;
				GCC_WARN_UNUSED_VARIABLE = YES;
				IPHONEOS_DEPLOYMENT_TARGET = 13.5;
				MTL_ENABLE_DEBUG_INFO = NO;
				MTL_FAST_MATH = YES;
				SDKROOT = iphoneos;
				SWIFT_COMPILATION_MODE = wholemodule;
				SWIFT_OPTIMIZATION_LEVEL = "-O";
				VALIDATE_PRODUCT = YES;
			};
			name = Release;
		};
		BF027F2724AD22BD005ABE41 /* Debug */ = {
			isa = XCBuildConfiguration;
			baseConfigurationReference = 283540641AC6BD7D827327AD /* Pods-Raye7-IOS-Task.debug.xcconfig */;
			buildSettings = {
				ASSETCATALOG_COMPILER_APPICON_NAME = AppIcon;
				CODE_SIGN_STYLE = Automatic;
				INFOPLIST_FILE = "Raye7-IOS-Task/Resources/Info.plist";
				LD_RUNPATH_SEARCH_PATHS = (
					"$(inherited)",
					"@executable_path/Frameworks",
				);
				PRODUCT_BUNDLE_IDENTIFIER = "SpidersCo.Raye7-IOS-Task";
				PRODUCT_NAME = "$(TARGET_NAME)";
				SWIFT_VERSION = 5.0;
				TARGETED_DEVICE_FAMILY = 1;
			};
			name = Debug;
		};
		BF027F2824AD22BD005ABE41 /* Release */ = {
			isa = XCBuildConfiguration;
			baseConfigurationReference = E520FA631831E4FC748A1E04 /* Pods-Raye7-IOS-Task.release.xcconfig */;
			buildSettings = {
				ASSETCATALOG_COMPILER_APPICON_NAME = AppIcon;
				CODE_SIGN_STYLE = Automatic;
				INFOPLIST_FILE = "Raye7-IOS-Task/Resources/Info.plist";
				LD_RUNPATH_SEARCH_PATHS = (
					"$(inherited)",
					"@executable_path/Frameworks",
				);
				PRODUCT_BUNDLE_IDENTIFIER = "SpidersCo.Raye7-IOS-Task";
				PRODUCT_NAME = "$(TARGET_NAME)";
				SWIFT_VERSION = 5.0;
				TARGETED_DEVICE_FAMILY = 1;
			};
			name = Release;
		};
		BF027F2A24AD22BD005ABE41 /* Debug */ = {
			isa = XCBuildConfiguration;
			baseConfigurationReference = 5C12226030D88E71005FD20E /* Pods-Raye7-IOS-TaskTests.debug.xcconfig */;
			buildSettings = {
				ALWAYS_EMBED_SWIFT_STANDARD_LIBRARIES = YES;
				BUNDLE_LOADER = "$(TEST_HOST)";
				CODE_SIGN_STYLE = Automatic;
				INFOPLIST_FILE = "Raye7-IOS-TaskTests/Info.plist";
				IPHONEOS_DEPLOYMENT_TARGET = 13.5;
				LD_RUNPATH_SEARCH_PATHS = (
					"$(inherited)",
					"@executable_path/Frameworks",
					"@loader_path/Frameworks",
				);
				PRODUCT_BUNDLE_IDENTIFIER = "SpidersCo.Raye7-IOS-TaskTests";
				PRODUCT_NAME = "$(TARGET_NAME)";
				SWIFT_VERSION = 5.0;
				TARGETED_DEVICE_FAMILY = "1,2";
				TEST_HOST = "$(BUILT_PRODUCTS_DIR)/Raye7-IOS-Task.app/Raye7-IOS-Task";
			};
			name = Debug;
		};
		BF027F2B24AD22BD005ABE41 /* Release */ = {
			isa = XCBuildConfiguration;
			baseConfigurationReference = C7BA7FCB2C8F40ACA323817C /* Pods-Raye7-IOS-TaskTests.release.xcconfig */;
			buildSettings = {
				ALWAYS_EMBED_SWIFT_STANDARD_LIBRARIES = YES;
				BUNDLE_LOADER = "$(TEST_HOST)";
				CODE_SIGN_STYLE = Automatic;
				INFOPLIST_FILE = "Raye7-IOS-TaskTests/Info.plist";
				IPHONEOS_DEPLOYMENT_TARGET = 13.5;
				LD_RUNPATH_SEARCH_PATHS = (
					"$(inherited)",
					"@executable_path/Frameworks",
					"@loader_path/Frameworks",
				);
				PRODUCT_BUNDLE_IDENTIFIER = "SpidersCo.Raye7-IOS-TaskTests";
				PRODUCT_NAME = "$(TARGET_NAME)";
				SWIFT_VERSION = 5.0;
				TARGETED_DEVICE_FAMILY = "1,2";
				TEST_HOST = "$(BUILT_PRODUCTS_DIR)/Raye7-IOS-Task.app/Raye7-IOS-Task";
			};
			name = Release;
		};
/* End XCBuildConfiguration section */

/* Begin XCConfigurationList section */
		BF027F0224AD22BD005ABE41 /* Build configuration list for PBXProject "Raye7-IOS-Task" */ = {
			isa = XCConfigurationList;
			buildConfigurations = (
				BF027F2424AD22BD005ABE41 /* Debug */,
				BF027F2524AD22BD005ABE41 /* Release */,
			);
			defaultConfigurationIsVisible = 0;
			defaultConfigurationName = Release;
		};
		BF027F2624AD22BD005ABE41 /* Build configuration list for PBXNativeTarget "Raye7-IOS-Task" */ = {
			isa = XCConfigurationList;
			buildConfigurations = (
				BF027F2724AD22BD005ABE41 /* Debug */,
				BF027F2824AD22BD005ABE41 /* Release */,
			);
			defaultConfigurationIsVisible = 0;
			defaultConfigurationName = Release;
		};
		BF027F2924AD22BD005ABE41 /* Build configuration list for PBXNativeTarget "Raye7-IOS-TaskTests" */ = {
			isa = XCConfigurationList;
			buildConfigurations = (
				BF027F2A24AD22BD005ABE41 /* Debug */,
				BF027F2B24AD22BD005ABE41 /* Release */,
			);
			defaultConfigurationIsVisible = 0;
			defaultConfigurationName = Release;
		};
/* End XCConfigurationList section */
	};
	rootObject = BF027EFF24AD22BD005ABE41 /* Project object */;
}
